// !$*UTF8*$!
{
	archiveVersion = 1;
	classes = {
	};
	objectVersion = 50;
	objects = {

/* Begin PBXBuildFile section */
		F1245E432105D3B200AA5948 /* Launch Screen.storyboard in Resources */ = {isa = PBXBuildFile; fileRef = F1245E422105D3B200AA5948 /* Launch Screen.storyboard */; };
		F1245E452105E96000AA5948 /* CalendarManager.swift in Sources */ = {isa = PBXBuildFile; fileRef = F1245E442105E96000AA5948 /* CalendarManager.swift */; };
		F1245E492105F19600AA5948 /* CalendarManagerTests.swift in Sources */ = {isa = PBXBuildFile; fileRef = F1245E482105F19600AA5948 /* CalendarManagerTests.swift */; };
		F1245E4D2106337400AA5948 /* EventStore.swift in Sources */ = {isa = PBXBuildFile; fileRef = F1245E4C2106337400AA5948 /* EventStore.swift */; };
		F1245E532106621600AA5948 /* MockEventStore.swift in Sources */ = {isa = PBXBuildFile; fileRef = F1245E522106621600AA5948 /* MockEventStore.swift */; };
		F14BF4CE210366CC000C6764 /* AppDelegate.swift in Sources */ = {isa = PBXBuildFile; fileRef = F14BF4CD210366CC000C6764 /* AppDelegate.swift */; };
		F14BF4D0210366CC000C6764 /* ViewController.swift in Sources */ = {isa = PBXBuildFile; fileRef = F14BF4CF210366CC000C6764 /* ViewController.swift */; };
		F14BF4D3210366CC000C6764 /* Main.storyboard in Resources */ = {isa = PBXBuildFile; fileRef = F14BF4D1210366CC000C6764 /* Main.storyboard */; };
		F14BF4D5210366D5000C6764 /* Assets.xcassets in Resources */ = {isa = PBXBuildFile; fileRef = F14BF4D4210366D5000C6764 /* Assets.xcassets */; };
		F14BF4D8210366D5000C6764 /* LaunchScreen.storyboard in Resources */ = {isa = PBXBuildFile; fileRef = F14BF4D6210366D5000C6764 /* LaunchScreen.storyboard */; };
		F14BF4EF2103690B000C6764 /* Birthday.swift in Sources */ = {isa = PBXBuildFile; fileRef = F14BF4EE2103690B000C6764 /* Birthday.swift */; };
		F14BF4F22103694A000C6764 /* BirthdayTests.swift in Sources */ = {isa = PBXBuildFile; fileRef = F14BF4F12103694A000C6764 /* BirthdayTests.swift */; };
		F14BF4F421036D28000C6764 /* Birthdays.swift in Sources */ = {isa = PBXBuildFile; fileRef = F14BF4F321036D28000C6764 /* Birthdays.swift */; };
		F14BF4F621036D50000C6764 /* BirthdaysTests.swift in Sources */ = {isa = PBXBuildFile; fileRef = F14BF4F521036D50000C6764 /* BirthdaysTests.swift */; };
/* End PBXBuildFile section */

/* Begin PBXContainerItemProxy section */
		F14BF4DF210366D5000C6764 /* PBXContainerItemProxy */ = {
			isa = PBXContainerItemProxy;
			containerPortal = F14BF4C2210366CC000C6764 /* Project object */;
			proxyType = 1;
			remoteGlobalIDString = F14BF4C9210366CC000C6764;
			remoteInfo = Birthdays;
		};
/* End PBXContainerItemProxy section */

/* Begin PBXFileReference section */
		F1245E422105D3B200AA5948 /* Launch Screen.storyboard */ = {isa = PBXFileReference; lastKnownFileType = file.storyboard; path = "Launch Screen.storyboard"; sourceTree = "<group>"; };
		F1245E442105E96000AA5948 /* CalendarManager.swift */ = {isa = PBXFileReference; lastKnownFileType = sourcecode.swift; path = CalendarManager.swift; sourceTree = "<group>"; };
		F1245E482105F19600AA5948 /* CalendarManagerTests.swift */ = {isa = PBXFileReference; lastKnownFileType = sourcecode.swift; path = CalendarManagerTests.swift; sourceTree = "<group>"; };
		F1245E4C2106337400AA5948 /* EventStore.swift */ = {isa = PBXFileReference; lastKnownFileType = sourcecode.swift; path = EventStore.swift; sourceTree = "<group>"; };
		F1245E522106621600AA5948 /* MockEventStore.swift */ = {isa = PBXFileReference; lastKnownFileType = sourcecode.swift; path = MockEventStore.swift; sourceTree = "<group>"; };
		F14BF4CA210366CC000C6764 /* Birthdays.app */ = {isa = PBXFileReference; explicitFileType = wrapper.application; includeInIndex = 0; path = Birthdays.app; sourceTree = BUILT_PRODUCTS_DIR; };
		F14BF4CD210366CC000C6764 /* AppDelegate.swift */ = {isa = PBXFileReference; lastKnownFileType = sourcecode.swift; path = AppDelegate.swift; sourceTree = "<group>"; };
		F14BF4CF210366CC000C6764 /* ViewController.swift */ = {isa = PBXFileReference; lastKnownFileType = sourcecode.swift; path = ViewController.swift; sourceTree = "<group>"; };
		F14BF4D2210366CC000C6764 /* Base */ = {isa = PBXFileReference; lastKnownFileType = file.storyboard; name = Base; path = Base.lproj/Main.storyboard; sourceTree = "<group>"; };
		F14BF4D4210366D5000C6764 /* Assets.xcassets */ = {isa = PBXFileReference; lastKnownFileType = folder.assetcatalog; path = Assets.xcassets; sourceTree = "<group>"; };
		F14BF4D7210366D5000C6764 /* Base */ = {isa = PBXFileReference; lastKnownFileType = file.storyboard; name = Base; path = Base.lproj/LaunchScreen.storyboard; sourceTree = "<group>"; };
		F14BF4D9210366D5000C6764 /* Info.plist */ = {isa = PBXFileReference; lastKnownFileType = text.plist.xml; path = Info.plist; sourceTree = "<group>"; };
		F14BF4DE210366D5000C6764 /* BirthdaysTests.xctest */ = {isa = PBXFileReference; explicitFileType = wrapper.cfbundle; includeInIndex = 0; path = BirthdaysTests.xctest; sourceTree = BUILT_PRODUCTS_DIR; };
		F14BF4E4210366D5000C6764 /* Info.plist */ = {isa = PBXFileReference; lastKnownFileType = text.plist.xml; path = Info.plist; sourceTree = "<group>"; };
		F14BF4EE2103690B000C6764 /* Birthday.swift */ = {isa = PBXFileReference; lastKnownFileType = sourcecode.swift; path = Birthday.swift; sourceTree = "<group>"; };
		F14BF4F12103694A000C6764 /* BirthdayTests.swift */ = {isa = PBXFileReference; lastKnownFileType = sourcecode.swift; path = BirthdayTests.swift; sourceTree = "<group>"; };
		F14BF4F321036D28000C6764 /* Birthdays.swift */ = {isa = PBXFileReference; lastKnownFileType = sourcecode.swift; path = Birthdays.swift; sourceTree = "<group>"; };
		F14BF4F521036D50000C6764 /* BirthdaysTests.swift */ = {isa = PBXFileReference; lastKnownFileType = sourcecode.swift; path = BirthdaysTests.swift; sourceTree = "<group>"; };
/* End PBXFileReference section */

/* Begin PBXFrameworksBuildPhase section */
		F14BF4C7210366CC000C6764 /* Frameworks */ = {
			isa = PBXFrameworksBuildPhase;
			buildActionMask = 2147483647;
			files = (
			);
			runOnlyForDeploymentPostprocessing = 0;
		};
		F14BF4DB210366D5000C6764 /* Frameworks */ = {
			isa = PBXFrameworksBuildPhase;
			buildActionMask = 2147483647;
			files = (
			);
			runOnlyForDeploymentPostprocessing = 0;
		};
/* End PBXFrameworksBuildPhase section */

/* Begin PBXGroup section */
		F1245E412105D2DA00AA5948 /* SupportingFiles */ = {
			isa = PBXGroup;
			children = (
				F14BF4D9210366D5000C6764 /* Info.plist */,
			);
			path = SupportingFiles;
			sourceTree = "<group>";
		};
		F1245E462105F15C00AA5948 /* Calendar */ = {
			isa = PBXGroup;
			children = (
				F1245E442105E96000AA5948 /* CalendarManager.swift */,
				F1245E4C2106337400AA5948 /* EventStore.swift */,
			);
			path = Calendar;
			sourceTree = "<group>";
		};
		F1245E472105F17400AA5948 /* Calendar */ = {
			isa = PBXGroup;
			children = (
				F1245E482105F19600AA5948 /* CalendarManagerTests.swift */,
				F1245E522106621600AA5948 /* MockEventStore.swift */,
			);
			path = Calendar;
			sourceTree = "<group>";
		};
		F14BF4C1210366CC000C6764 = {
			isa = PBXGroup;
			children = (
				F14BF4CC210366CC000C6764 /* Birthdays */,
				F14BF4E1210366D5000C6764 /* BirthdaysTests */,
				F14BF4CB210366CC000C6764 /* Products */,
			);
			sourceTree = "<group>";
		};
		F14BF4CB210366CC000C6764 /* Products */ = {
			isa = PBXGroup;
			children = (
				F14BF4CA210366CC000C6764 /* Birthdays.app */,
				F14BF4DE210366D5000C6764 /* BirthdaysTests.xctest */,
			);
			name = Products;
			sourceTree = "<group>";
		};
		F14BF4CC210366CC000C6764 /* Birthdays */ = {
			isa = PBXGroup;
			children = (
				F14BF4CD210366CC000C6764 /* AppDelegate.swift */,
				F14BF4D1210366CC000C6764 /* Main.storyboard */,
				F1245E422105D3B200AA5948 /* Launch Screen.storyboard */,
				F14BF4CF210366CC000C6764 /* ViewController.swift */,
				F14BF4ED210368DA000C6764 /* BirthdayModel */,
				F1245E462105F15C00AA5948 /* Calendar */,
				F14BF4D4210366D5000C6764 /* Assets.xcassets */,
				F14BF4D6210366D5000C6764 /* LaunchScreen.storyboard */,
				F1245E412105D2DA00AA5948 /* SupportingFiles */,
			);
			path = Birthdays;
			sourceTree = "<group>";
		};
		F14BF4E1210366D5000C6764 /* BirthdaysTests */ = {
			isa = PBXGroup;
			children = (
				F1245E472105F17400AA5948 /* Calendar */,
				F14BF4F02103692D000C6764 /* BirthdayModel */,
				F14BF4E4210366D5000C6764 /* Info.plist */,
			);
			path = BirthdaysTests;
			sourceTree = "<group>";
		};
		F14BF4ED210368DA000C6764 /* BirthdayModel */ = {
			isa = PBXGroup;
			children = (
				F14BF4EE2103690B000C6764 /* Birthday.swift */,
				F14BF4F321036D28000C6764 /* Birthdays.swift */,
			);
			path = BirthdayModel;
			sourceTree = "<group>";
		};
		F14BF4F02103692D000C6764 /* BirthdayModel */ = {
			isa = PBXGroup;
			children = (
				F14BF4F12103694A000C6764 /* BirthdayTests.swift */,
				F14BF4F521036D50000C6764 /* BirthdaysTests.swift */,
			);
			path = BirthdayModel;
			sourceTree = "<group>";
		};
/* End PBXGroup section */

/* Begin PBXNativeTarget section */
		F14BF4C9210366CC000C6764 /* Birthdays */ = {
			isa = PBXNativeTarget;
			buildConfigurationList = F14BF4E7210366D6000C6764 /* Build configuration list for PBXNativeTarget "Birthdays" */;
			buildPhases = (
				F14BF4C6210366CC000C6764 /* Sources */,
				F14BF4C7210366CC000C6764 /* Frameworks */,
				F14BF4C8210366CC000C6764 /* Resources */,
			);
			buildRules = (
			);
			dependencies = (
			);
			name = Birthdays;
			productName = Birthdays;
			productReference = F14BF4CA210366CC000C6764 /* Birthdays.app */;
			productType = "com.apple.product-type.application";
		};
		F14BF4DD210366D5000C6764 /* BirthdaysTests */ = {
			isa = PBXNativeTarget;
			buildConfigurationList = F14BF4EA210366D6000C6764 /* Build configuration list for PBXNativeTarget "BirthdaysTests" */;
			buildPhases = (
				F14BF4DA210366D5000C6764 /* Sources */,
				F14BF4DB210366D5000C6764 /* Frameworks */,
				F14BF4DC210366D5000C6764 /* Resources */,
			);
			buildRules = (
			);
			dependencies = (
				F14BF4E0210366D5000C6764 /* PBXTargetDependency */,
			);
			name = BirthdaysTests;
			productName = BirthdaysTests;
			productReference = F14BF4DE210366D5000C6764 /* BirthdaysTests.xctest */;
			productType = "com.apple.product-type.bundle.unit-test";
		};
/* End PBXNativeTarget section */

/* Begin PBXProject section */
		F14BF4C2210366CC000C6764 /* Project object */ = {
			isa = PBXProject;
			attributes = {
				LastSwiftUpdateCheck = 1000;
				LastUpgradeCheck = 1000;
				ORGANIZATIONNAME = "Vincent O'Sullivan";
				TargetAttributes = {
					F14BF4C9210366CC000C6764 = {
						CreatedOnToolsVersion = 10.0;
					};
					F14BF4DD210366D5000C6764 = {
						CreatedOnToolsVersion = 10.0;
						TestTargetID = F14BF4C9210366CC000C6764;
					};
				};
			};
			buildConfigurationList = F14BF4C5210366CC000C6764 /* Build configuration list for PBXProject "Birthdays" */;
			compatibilityVersion = "Xcode 9.3";
			developmentRegion = en;
			hasScannedForEncodings = 0;
			knownRegions = (
				en,
				Base,
			);
			mainGroup = F14BF4C1210366CC000C6764;
			productRefGroup = F14BF4CB210366CC000C6764 /* Products */;
			projectDirPath = "";
			projectRoot = "";
			targets = (
				F14BF4C9210366CC000C6764 /* Birthdays */,
				F14BF4DD210366D5000C6764 /* BirthdaysTests */,
			);
		};
/* End PBXProject section */

/* Begin PBXResourcesBuildPhase section */
		F14BF4C8210366CC000C6764 /* Resources */ = {
			isa = PBXResourcesBuildPhase;
			buildActionMask = 2147483647;
			files = (
				F14BF4D8210366D5000C6764 /* LaunchScreen.storyboard in Resources */,
				F14BF4D5210366D5000C6764 /* Assets.xcassets in Resources */,
				F1245E432105D3B200AA5948 /* Launch Screen.storyboard in Resources */,
				F14BF4D3210366CC000C6764 /* Main.storyboard in Resources */,
			);
			runOnlyForDeploymentPostprocessing = 0;
		};
		F14BF4DC210366D5000C6764 /* Resources */ = {
			isa = PBXResourcesBuildPhase;
			buildActionMask = 2147483647;
			files = (
			);
			runOnlyForDeploymentPostprocessing = 0;
		};
/* End PBXResourcesBuildPhase section */

/* Begin PBXSourcesBuildPhase section */
		F14BF4C6210366CC000C6764 /* Sources */ = {
			isa = PBXSourcesBuildPhase;
			buildActionMask = 2147483647;
			files = (
				F1245E4D2106337400AA5948 /* EventStore.swift in Sources */,
				F14BF4F421036D28000C6764 /* Birthdays.swift in Sources */,
				F14BF4D0210366CC000C6764 /* ViewController.swift in Sources */,
				F14BF4CE210366CC000C6764 /* AppDelegate.swift in Sources */,
				F14BF4EF2103690B000C6764 /* Birthday.swift in Sources */,
				F1245E452105E96000AA5948 /* CalendarManager.swift in Sources */,
			);
			runOnlyForDeploymentPostprocessing = 0;
		};
		F14BF4DA210366D5000C6764 /* Sources */ = {
			isa = PBXSourcesBuildPhase;
			buildActionMask = 2147483647;
			files = (
				F1245E532106621600AA5948 /* MockEventStore.swift in Sources */,
				F1245E492105F19600AA5948 /* CalendarManagerTests.swift in Sources */,
				F14BF4F621036D50000C6764 /* BirthdaysTests.swift in Sources */,
				F14BF4F22103694A000C6764 /* BirthdayTests.swift in Sources */,
			);
			runOnlyForDeploymentPostprocessing = 0;
		};
/* End PBXSourcesBuildPhase section */

/* Begin PBXTargetDependency section */
		F14BF4E0210366D5000C6764 /* PBXTargetDependency */ = {
			isa = PBXTargetDependency;
			target = F14BF4C9210366CC000C6764 /* Birthdays */;
			targetProxy = F14BF4DF210366D5000C6764 /* PBXContainerItemProxy */;
		};
/* End PBXTargetDependency section */

/* Begin PBXVariantGroup section */
		F14BF4D1210366CC000C6764 /* Main.storyboard */ = {
			isa = PBXVariantGroup;
			children = (
				F14BF4D2210366CC000C6764 /* Base */,
			);
			name = Main.storyboard;
			sourceTree = "<group>";
		};
		F14BF4D6210366D5000C6764 /* LaunchScreen.storyboard */ = {
			isa = PBXVariantGroup;
			children = (
				F14BF4D7210366D5000C6764 /* Base */,
			);
			name = LaunchScreen.storyboard;
			sourceTree = "<group>";
		};
/* End PBXVariantGroup section */

/* Begin XCBuildConfiguration section */
		F14BF4E5210366D5000C6764 /* Debug */ = {
			isa = XCBuildConfiguration;
			buildSettings = {
				ALWAYS_SEARCH_USER_PATHS = NO;
				CLANG_ANALYZER_NONNULL = YES;
				CLANG_ANALYZER_NUMBER_OBJECT_CONVERSION = YES_AGGRESSIVE;
				CLANG_CXX_LANGUAGE_STANDARD = "gnu++14";
				CLANG_CXX_LIBRARY = "libc++";
				CLANG_ENABLE_MODULES = YES;
				CLANG_ENABLE_OBJC_ARC = YES;
				CLANG_ENABLE_OBJC_WEAK = YES;
				CLANG_WARN_BLOCK_CAPTURE_AUTORELEASING = YES;
				CLANG_WARN_BOOL_CONVERSION = YES;
				CLANG_WARN_COMMA = YES;
				CLANG_WARN_CONSTANT_CONVERSION = YES;
				CLANG_WARN_DEPRECATED_OBJC_IMPLEMENTATIONS = YES;
				CLANG_WARN_DIRECT_OBJC_ISA_USAGE = YES_ERROR;
				CLANG_WARN_DOCUMENTATION_COMMENTS = YES;
				CLANG_WARN_EMPTY_BODY = YES;
				CLANG_WARN_ENUM_CONVERSION = YES;
				CLANG_WARN_INFINITE_RECURSION = YES;
				CLANG_WARN_INT_CONVERSION = YES;
				CLANG_WARN_NON_LITERAL_NULL_CONVERSION = YES;
				CLANG_WARN_OBJC_IMPLICIT_RETAIN_SELF = YES;
				CLANG_WARN_OBJC_LITERAL_CONVERSION = YES;
				CLANG_WARN_OBJC_ROOT_CLASS = YES_ERROR;
				CLANG_WARN_RANGE_LOOP_ANALYSIS = YES;
				CLANG_WARN_STRICT_PROTOTYPES = YES;
				CLANG_WARN_SUSPICIOUS_MOVE = YES;
				CLANG_WARN_UNGUARDED_AVAILABILITY = YES_AGGRESSIVE;
				CLANG_WARN_UNREACHABLE_CODE = YES;
				CLANG_WARN__DUPLICATE_METHOD_MATCH = YES;
				CODE_SIGN_IDENTITY = "iPhone Developer";
				COPY_PHASE_STRIP = NO;
				DEBUG_INFORMATION_FORMAT = dwarf;
				ENABLE_STRICT_OBJC_MSGSEND = YES;
				ENABLE_TESTABILITY = YES;
				GCC_C_LANGUAGE_STANDARD = gnu11;
				GCC_DYNAMIC_NO_PIC = NO;
				GCC_NO_COMMON_BLOCKS = YES;
				GCC_OPTIMIZATION_LEVEL = 0;
				GCC_PREPROCESSOR_DEFINITIONS = (
					"DEBUG=1",
					"$(inherited)",
				);
				GCC_WARN_64_TO_32_BIT_CONVERSION = YES;
				GCC_WARN_ABOUT_RETURN_TYPE = YES_ERROR;
				GCC_WARN_UNDECLARED_SELECTOR = YES;
				GCC_WARN_UNINITIALIZED_AUTOS = YES_AGGRESSIVE;
				GCC_WARN_UNUSED_FUNCTION = YES;
				GCC_WARN_UNUSED_VARIABLE = YES;
				IPHONEOS_DEPLOYMENT_TARGET = 12.0;
				MTL_ENABLE_DEBUG_INFO = INCLUDE_SOURCE;
				MTL_FAST_MATH = YES;
				ONLY_ACTIVE_ARCH = YES;
				SDKROOT = iphoneos;
				SWIFT_ACTIVE_COMPILATION_CONDITIONS = DEBUG;
				SWIFT_OPTIMIZATION_LEVEL = "-Onone";
			};
			name = Debug;
		};
		F14BF4E6210366D6000C6764 /* Release */ = {
			isa = XCBuildConfiguration;
			buildSettings = {
				ALWAYS_SEARCH_USER_PATHS = NO;
				CLANG_ANALYZER_NONNULL = YES;
				CLANG_ANALYZER_NUMBER_OBJECT_CONVERSION = YES_AGGRESSIVE;
				CLANG_CXX_LANGUAGE_STANDARD = "gnu++14";
				CLANG_CXX_LIBRARY = "libc++";
				CLANG_ENABLE_MODULES = YES;
				CLANG_ENABLE_OBJC_ARC = YES;
				CLANG_ENABLE_OBJC_WEAK = YES;
				CLANG_WARN_BLOCK_CAPTURE_AUTORELEASING = YES;
				CLANG_WARN_BOOL_CONVERSION = YES;
				CLANG_WARN_COMMA = YES;
				CLANG_WARN_CONSTANT_CONVERSION = YES;
				CLANG_WARN_DEPRECATED_OBJC_IMPLEMENTATIONS = YES;
				CLANG_WARN_DIRECT_OBJC_ISA_USAGE = YES_ERROR;
				CLANG_WARN_DOCUMENTATION_COMMENTS = YES;
				CLANG_WARN_EMPTY_BODY = YES;
				CLANG_WARN_ENUM_CONVERSION = YES;
				CLANG_WARN_INFINITE_RECURSION = YES;
				CLANG_WARN_INT_CONVERSION = YES;
				CLANG_WARN_NON_LITERAL_NULL_CONVERSION = YES;
				CLANG_WARN_OBJC_IMPLICIT_RETAIN_SELF = YES;
				CLANG_WARN_OBJC_LITERAL_CONVERSION = YES;
				CLANG_WARN_OBJC_ROOT_CLASS = YES_ERROR;
				CLANG_WARN_RANGE_LOOP_ANALYSIS = YES;
				CLANG_WARN_STRICT_PROTOTYPES = YES;
				CLANG_WARN_SUSPICIOUS_MOVE = YES;
				CLANG_WARN_UNGUARDED_AVAILABILITY = YES_AGGRESSIVE;
				CLANG_WARN_UNREACHABLE_CODE = YES;
				CLANG_WARN__DUPLICATE_METHOD_MATCH = YES;
				CODE_SIGN_IDENTITY = "iPhone Developer";
				COPY_PHASE_STRIP = NO;
				DEBUG_INFORMATION_FORMAT = "dwarf-with-dsym";
				ENABLE_NS_ASSERTIONS = NO;
				ENABLE_STRICT_OBJC_MSGSEND = YES;
				GCC_C_LANGUAGE_STANDARD = gnu11;
				GCC_NO_COMMON_BLOCKS = YES;
				GCC_WARN_64_TO_32_BIT_CONVERSION = YES;
				GCC_WARN_ABOUT_RETURN_TYPE = YES_ERROR;
				GCC_WARN_UNDECLARED_SELECTOR = YES;
				GCC_WARN_UNINITIALIZED_AUTOS = YES_AGGRESSIVE;
				GCC_WARN_UNUSED_FUNCTION = YES;
				GCC_WARN_UNUSED_VARIABLE = YES;
				IPHONEOS_DEPLOYMENT_TARGET = 12.0;
				MTL_ENABLE_DEBUG_INFO = NO;
				MTL_FAST_MATH = YES;
				SDKROOT = iphoneos;
				SWIFT_COMPILATION_MODE = wholemodule;
				SWIFT_OPTIMIZATION_LEVEL = "-O";
				VALIDATE_PRODUCT = YES;
			};
			name = Release;
		};
		F14BF4E8210366D6000C6764 /* Debug */ = {
			isa = XCBuildConfiguration;
			buildSettings = {
				ASSETCATALOG_COMPILER_APPICON_NAME = AppIcon;
				CODE_SIGN_STYLE = Automatic;
				DEVELOPMENT_TEAM = 27QRRWZMS6;
				INFOPLIST_FILE = "$(SRCROOT)/Birthdays/SupportingFiles/Info.plist";
				LD_RUNPATH_SEARCH_PATHS = (
					"$(inherited)",
					"@executable_path/Frameworks",
				);
				PRODUCT_BUNDLE_IDENTIFIER = com.vjosullivan.Birthdays;
				PRODUCT_NAME = "$(TARGET_NAME)";
				SWIFT_VERSION = 4.2;
				TARGETED_DEVICE_FAMILY = "1,2";
			};
			name = Debug;
		};
		F14BF4E9210366D6000C6764 /* Release */ = {
			isa = XCBuildConfiguration;
			buildSettings = {
				ASSETCATALOG_COMPILER_APPICON_NAME = AppIcon;
				CODE_SIGN_STYLE = Automatic;
				DEVELOPMENT_TEAM = 27QRRWZMS6;
				INFOPLIST_FILE = "$(SRCROOT)/Birthdays/SupportingFiles/Info.plist";
				LD_RUNPATH_SEARCH_PATHS = (
					"$(inherited)",
					"@executable_path/Frameworks",
				);
				PRODUCT_BUNDLE_IDENTIFIER = com.vjosullivan.Birthdays;
				PRODUCT_NAME = "$(TARGET_NAME)";
				SWIFT_VERSION = 4.2;
				TARGETED_DEVICE_FAMILY = "1,2";
			};
			name = Release;
		};
		F14BF4EB210366D6000C6764 /* Debug */ = {
			isa = XCBuildConfiguration;
			buildSettings = {
				ALWAYS_EMBED_SWIFT_STANDARD_LIBRARIES = YES;
				BUNDLE_LOADER = "$(TEST_HOST)";
				CODE_SIGN_STYLE = Automatic;
				DEVELOPMENT_TEAM = 27QRRWZMS6;
				INFOPLIST_FILE = BirthdaysTests/Info.plist;
				LD_RUNPATH_SEARCH_PATHS = (
					"$(inherited)",
					"@executable_path/Frameworks",
					"@loader_path/Frameworks",
				);
				PRODUCT_BUNDLE_IDENTIFIER = com.vjosullivan.BirthdaysTests;
				PRODUCT_NAME = "$(TARGET_NAME)";
				SWIFT_VERSION = 4.2;
				TARGETED_DEVICE_FAMILY = "1,2";
				TEST_HOST = "$(BUILT_PRODUCTS_DIR)/Birthdays.app/Birthdays";
			};
			name = Debug;
		};
		F14BF4EC210366D6000C6764 /* Release */ = {
			isa = XCBuildConfiguration;
			buildSettings = {
				ALWAYS_EMBED_SWIFT_STANDARD_LIBRARIES = YES;
				BUNDLE_LOADER = "$(TEST_HOST)";
				CODE_SIGN_STYLE = Automatic;
				DEVELOPMENT_TEAM = 27QRRWZMS6;
				INFOPLIST_FILE = BirthdaysTests/Info.plist;
				LD_RUNPATH_SEARCH_PATHS = (
					"$(inherited)",
					"@executable_path/Frameworks",
					"@loader_path/Frameworks",
				);
				PRODUCT_BUNDLE_IDENTIFIER = com.vjosullivan.BirthdaysTests;
				PRODUCT_NAME = "$(TARGET_NAME)";
				SWIFT_VERSION = 4.2;
				TARGETED_DEVICE_FAMILY = "1,2";
				TEST_HOST = "$(BUILT_PRODUCTS_DIR)/Birthdays.app/Birthdays";
			};
			name = Release;
		};
/* End XCBuildConfiguration section */

/* Begin XCConfigurationList section */
		F14BF4C5210366CC000C6764 /* Build configuration list for PBXProject "Birthdays" */ = {
			isa = XCConfigurationList;
			buildConfigurations = (
				F14BF4E5210366D5000C6764 /* Debug */,
				F14BF4E6210366D6000C6764 /* Release */,
			);
			defaultConfigurationIsVisible = 0;
			defaultConfigurationName = Release;
		};
		F14BF4E7210366D6000C6764 /* Build configuration list for PBXNativeTarget "Birthdays" */ = {
			isa = XCConfigurationList;
			buildConfigurations = (
				F14BF4E8210366D6000C6764 /* Debug */,
				F14BF4E9210366D6000C6764 /* Release */,
			);
			defaultConfigurationIsVisible = 0;
			defaultConfigurationName = Release;
		};
		F14BF4EA210366D6000C6764 /* Build configuration list for PBXNativeTarget "BirthdaysTests" */ = {
			isa = XCConfigurationList;
			buildConfigurations = (
				F14BF4EB210366D6000C6764 /* Debug */,
				F14BF4EC210366D6000C6764 /* Release */,
			);
			defaultConfigurationIsVisible = 0;
			defaultConfigurationName = Release;
		};
/* End XCConfigurationList section */
	};
	rootObject = F14BF4C2210366CC000C6764 /* Project object */;
}
